<?xml version="1.0" encoding="utf-8"?>
<Project ToolsVersion="4.0" xmlns="http://schemas.microsoft.com/developer/msbuild/2003">
  <ItemGroup>
    <Filter Include="소스 파일">
      <UniqueIdentifier>{4FC737F1-C7A5-4376-A066-2A32D752A2FF}</UniqueIdentifier>
      <Extensions>cpp;c;cc;cxx;def;odl;idl;hpj;bat;asm;asmx</Extensions>
    </Filter>
    <Filter Include="헤더 파일">
      <UniqueIdentifier>{93995380-89BD-4b04-88EB-625FBE52EBFB}</UniqueIdentifier>
      <Extensions>h;hh;hpp;hxx;hm;inl;inc;ipp;xsd</Extensions>
    </Filter>
    <Filter Include="리소스 파일">
      <UniqueIdentifier>{67DA6AB6-F800-4c08-8B7A-83BB121AAD01}</UniqueIdentifier>
      <Extensions>rc;ico;cur;bmp;dlg;rc2;rct;bin;rgs;gif;jpg;jpeg;jpe;resx;tiff;tif;png;wav;mfcribbon-ms</Extensions>
    </Filter>
    <Filter Include="소스 파일\복습">
      <UniqueIdentifier>{6db2ac4e-a3f4-4c46-be7d-8dabdfe4c84a}</UniqueIdentifier>
    </Filter>
  </ItemGroup>
  <ItemGroup>
    <ClCompile Include="backjoon_%28BFS,DFS%29.cpp">
      <Filter>소스 파일</Filter>
    </ClCompile>
    <ClCompile Include="backjoon_10828.cpp">
      <Filter>소스 파일</Filter>
    </ClCompile>
    <ClCompile Include="backjoon_2579.cpp">
      <Filter>소스 파일</Filter>
    </ClCompile>
    <ClCompile Include="practice.cpp">
      <Filter>소스 파일</Filter>
    </ClCompile>
    <ClCompile Include="backjoon_15591.cpp">
      <Filter>소스 파일</Filter>
    </ClCompile>
    <ClCompile Include="backjoon_17086.cpp">
      <Filter>소스 파일</Filter>
    </ClCompile>
    <ClCompile Include="backjoon_7576.cpp">
      <Filter>소스 파일</Filter>
    </ClCompile>
    <ClCompile Include="backjoon_1914.cpp">
      <Filter>소스 파일</Filter>
    </ClCompile>
    <ClCompile Include="backjoon_11399.cpp">
      <Filter>소스 파일</Filter>
    </ClCompile>
    <ClCompile Include="backjoon_11047.cpp">
      <Filter>소스 파일</Filter>
    </ClCompile>
    <ClCompile Include="backjoon_18185.cpp">
      <Filter>소스 파일</Filter>
    </ClCompile>
    <ClCompile Include="backjoon_2839.cpp">
      <Filter>소스 파일</Filter>
    </ClCompile>
    <ClCompile Include="backjoon_1463.cpp">
      <Filter>소스 파일</Filter>
    </ClCompile>
    <ClCompile Include="backjoon_9095.cpp">
      <Filter>소스 파일</Filter>
    </ClCompile>
    <ClCompile Include="backjoon_1003.cpp">
      <Filter>소스 파일</Filter>
    </ClCompile>
    <ClCompile Include="backjoon_11726.cpp">
      <Filter>소스 파일</Filter>
    </ClCompile>
    <ClCompile Include="backjoon_1932.cpp">
      <Filter>소스 파일</Filter>
    </ClCompile>
    <ClCompile Include="backjoon_2503.cpp">
      <Filter>소스 파일</Filter>
    </ClCompile>
    <ClCompile Include="backjoon_2156.cpp">
      <Filter>소스 파일</Filter>
    </ClCompile>
    <ClCompile Include="backjoon_1074.cpp">
      <Filter>소스 파일</Filter>
    </ClCompile>
    <ClCompile Include="backjoon_2920.cpp">
      <Filter>소스 파일</Filter>
    </ClCompile>
    <ClCompile Include="backjoon_1874.cpp">
      <Filter>소스 파일</Filter>
    </ClCompile>
    <ClCompile Include="init_body.cpp">
      <Filter>소스 파일</Filter>
    </ClCompile>
    <ClCompile Include="backjoon_2750.cpp">
      <Filter>소스 파일</Filter>
    </ClCompile>
    <ClCompile Include="backjoon_7490.cpp">
      <Filter>소스 파일</Filter>
    </ClCompile>
    <ClCompile Include="backjoon_10844.cpp">
      <Filter>소스 파일</Filter>
    </ClCompile>
    <ClCompile Include="programmers_dp_1.cpp">
      <Filter>소스 파일</Filter>
    </ClCompile>
    <ClCompile Include="backjoon_1743.cpp">
      <Filter>소스 파일</Filter>
    </ClCompile>
    <ClCompile Include="programmers_ct_1.cpp">
      <Filter>소스 파일</Filter>
    </ClCompile>
    <ClCompile Include="programmers_ct_2.cpp">
      <Filter>소스 파일</Filter>
    </ClCompile>
    <ClCompile Include="programmers_ct_5.cpp">
      <Filter>소스 파일</Filter>
    </ClCompile>
    <ClCompile Include="programmers_ct_6.cpp">
      <Filter>소스 파일</Filter>
    </ClCompile>
    <ClCompile Include="backjoon_1991,5639.cpp">
      <Filter>소스 파일</Filter>
    </ClCompile>
    <ClCompile Include="programmers_ct_7.cpp">
      <Filter>소스 파일</Filter>
    </ClCompile>
    <ClCompile Include="programmers_ct_8.cpp">
      <Filter>소스 파일</Filter>
    </ClCompile>
    <ClCompile Include="programmers_ct_10.cpp">
      <Filter>소스 파일</Filter>
    </ClCompile>
    <ClCompile Include="programmers_ct_11.cpp">
      <Filter>소스 파일</Filter>
    </ClCompile>
    <ClCompile Include="programmers_ct_13%28소수찾기lv2-2%29.cpp">
      <Filter>소스 파일</Filter>
    </ClCompile>
    <ClCompile Include="programmers_ct_14(가장큰수).cpp">
      <Filter>소스 파일</Filter>
    </ClCompile>
    <ClCompile Include="programmers_ct_15(예상대진).cpp">
      <Filter>소스 파일</Filter>
    </ClCompile>
    <ClCompile Include="programmers_ct_16(단체사진).cpp">
      <Filter>소스 파일</Filter>
    </ClCompile>
    <ClCompile Include="programmers_ct_3%28더맵게%29.cpp">
      <Filter>소스 파일</Filter>
    </ClCompile>
    <ClCompile Include="programmers_ct_17(오픈채팅방).cpp">
      <Filter>소스 파일</Filter>
    </ClCompile>
    <ClCompile Include="backjoon_2206%28구조체BFS%29.cpp">
      <Filter>소스 파일</Filter>
    </ClCompile>
    <ClCompile Include="backjoon_2178%28PAIR_BFS%29.cpp">
      <Filter>소스 파일</Filter>
    </ClCompile>
    <ClCompile Include="programmers_ct_18(프린터).cpp">
      <Filter>소스 파일</Filter>
    </ClCompile>
    <ClCompile Include="programmers_ct_20(컬러링북).cpp">
      <Filter>소스 파일</Filter>
    </ClCompile>
    <ClCompile Include="programmers_ct_21(h-index).cpp">
      <Filter>소스 파일</Filter>
    </ClCompile>
    <ClCompile Include="programmers_ct_9%28최대공약수_최소공배수%29.cpp">
      <Filter>소스 파일</Filter>
    </ClCompile>
    <ClCompile Include="programmers_ct_22(큰수만들기).cpp">
      <Filter>소스 파일</Filter>
    </ClCompile>
    <ClCompile Include="programmers_ct_4%28타겟넘버%29.cpp">
      <Filter>소스 파일</Filter>
    </ClCompile>
    <ClCompile Include="programmers_ct_23(구명보트).cpp">
      <Filter>소스 파일</Filter>
    </ClCompile>
    <ClCompile Include="programmers_ct_24(주식가격).cpp">
      <Filter>소스 파일</Filter>
    </ClCompile>
    <ClCompile Include="programmers_ct_25(기능개발).cpp">
      <Filter>소스 파일</Filter>
    </ClCompile>
    <ClCompile Include="programmers_ct_26(가장큰정사각형).cpp">
      <Filter>소스 파일</Filter>
    </ClCompile>
    <ClCompile Include="programmers_ct_27%28124나라%29.cpp">
      <Filter>소스 파일</Filter>
    </ClCompile>
    <ClCompile Include="programmers_ct28_%28메뉴리뉴얼%29.cpp">
      <Filter>소스 파일</Filter>
    </ClCompile>
    <ClCompile Include="programmers_ct29_(행렬의곱셈).cpp">
      <Filter>소스 파일</Filter>
    </ClCompile>
    <ClCompile Include="programmers_ct30_%28최댓값과 최솟값%29.cpp">
      <Filter>소스 파일</Filter>
    </ClCompile>
    <ClCompile Include="programmers_ct31_(괄호변환).cpp">
      <Filter>소스 파일</Filter>
    </ClCompile>
    <ClCompile Include="programmers_ct32_(땅따먹기).cpp">
      <Filter>소스 파일</Filter>
    </ClCompile>
    <ClCompile Include="programmers_ct33_(스킬배우기).cpp">
      <Filter>소스 파일</Filter>
    </ClCompile>
    <ClCompile Include="programmers_ct34_(캐시).cpp">
      <Filter>소스 파일</Filter>
    </ClCompile>
    <ClCompile Include="programmers_ct35_(점프와순간이동).cpp">
      <Filter>소스 파일</Filter>
    </ClCompile>
    <ClCompile Include="programmers_ct36_(쿼드압축후세기).cpp">
      <Filter>소스 파일</Filter>
    </ClCompile>
    <ClCompile Include="programmers_ct37_(다리를지나는트럭).cpp">
      <Filter>소스 파일</Filter>
    </ClCompile>
    <ClCompile Include="pr(쇠막대기).cpp">
      <Filter>소스 파일</Filter>
    </ClCompile>
    <ClCompile Include="pr(부족한금액계산하기).cpp">
      <Filter>소스 파일</Filter>
    </ClCompile>
    <ClCompile Include="pr(체육복).cpp">
      <Filter>소스 파일</Filter>
    </ClCompile>
    <ClCompile Include="pr%28모의고사%29.cpp">
      <Filter>소스 파일</Filter>
    </ClCompile>
    <ClCompile Include="pr(음양더하기).cpp">
      <Filter>소스 파일</Filter>
    </ClCompile>
    <ClCompile Include="pr(로또의최고순위와최저순위).cpp">
      <Filter>소스 파일</Filter>
    </ClCompile>
    <ClCompile Include="pr(상호평가).cpp">
      <Filter>소스 파일</Filter>
    </ClCompile>
    <ClCompile Include="pr(두개뽑아서더하기).cpp">
      <Filter>소스 파일</Filter>
    </ClCompile>
    <ClCompile Include="pr(가운데글자가져오기).cpp">
      <Filter>소스 파일</Filter>
    </ClCompile>
    <ClCompile Include="pr(하샤드수).cpp">
      <Filter>소스 파일</Filter>
    </ClCompile>
    <ClCompile Include="pr(문자열계산기).cpp">
      <Filter>소스 파일</Filter>
    </ClCompile>
    <ClCompile Include="pr(평균구하기).cpp">
      <Filter>소스 파일</Filter>
    </ClCompile>
    <ClCompile Include="pr(직사각형별찍기).cpp">
      <Filter>소스 파일</Filter>
    </ClCompile>
    <ClCompile Include="pr%28x만큼 간격이 있는 n개의 숫자%29.cpp">
      <Filter>소스 파일</Filter>
    </ClCompile>
    <ClCompile Include="pr(행렬의덧셈).cpp">
      <Filter>소스 파일</Filter>
    </ClCompile>
    <ClCompile Include="pr(핸드폰번호가리기).cpp">
      <Filter>소스 파일</Filter>
    </ClCompile>
    <ClCompile Include="pr(콜라즈추측).cpp">
      <Filter>소스 파일</Filter>
    </ClCompile>
    <ClCompile Include="pr(최대공약수와 최소공배수).cpp">
      <Filter>소스 파일</Filter>
    </ClCompile>
    <ClCompile Include="pr(짝수와홀수).cpp">
      <Filter>소스 파일</Filter>
    </ClCompile>
    <ClCompile Include="pr(제일작은수제거하기).cpp">
      <Filter>소스 파일</Filter>
    </ClCompile>
    <ClCompile Include="pr(정수제곱근판별).cpp">
      <Filter>소스 파일</Filter>
    </ClCompile>
    <ClCompile Include="pr(정수내림차순으로배칙하기).cpp">
      <Filter>소스 파일</Filter>
    </ClCompile>
    <ClCompile Include="pr(약수의합).cpp">
      <Filter>소스 파일</Filter>
    </ClCompile>
    <ClCompile Include="pr(다트게임).cpp">
      <Filter>소스 파일</Filter>
    </ClCompile>
    <ClCompile Include="pr(소수찾기).cpp">
      <Filter>소스 파일</Filter>
    </ClCompile>
    <ClCompile Include="pr(자릿수더하기).cpp">
      <Filter>소스 파일</Filter>
    </ClCompile>
    <ClCompile Include="pr(k번째수).cpp">
      <Filter>소스 파일</Filter>
    </ClCompile>
    <ClCompile Include="pr(서울에서김서방찾기).cpp">
      <Filter>소스 파일</Filter>
    </ClCompile>
    <ClCompile Include="pr(자연수뒤집어배열로만들기).cpp">
      <Filter>소스 파일</Filter>
    </ClCompile>
    <ClCompile Include="pr(수박수).cpp">
      <Filter>소스 파일</Filter>
    </ClCompile>
    <ClCompile Include="pr(완주하지못한선수).cpp">
      <Filter>소스 파일</Filter>
    </ClCompile>
    <ClCompile Include="pr(소수만들기).cpp">
      <Filter>소스 파일</Filter>
    </ClCompile>
    <ClCompile Include="pr(내적).cpp">
      <Filter>소스 파일</Filter>
    </ClCompile>
    <ClCompile Include="pr(문자열을 정수로 바꾸기).cpp">
      <Filter>소스 파일</Filter>
    </ClCompile>
    <ClCompile Include="pr(시저암호).cpp">
      <Filter>소스 파일</Filter>
    </ClCompile>
    <ClCompile Include="pr(2016년).cpp">
      <Filter>소스 파일</Filter>
    </ClCompile>
    <ClCompile Include="pr(이상한문자만들기).cpp">
      <Filter>소스 파일</Filter>
    </ClCompile>
    <ClCompile Include="pr(비밀지도).cpp">
      <Filter>소스 파일</Filter>
    </ClCompile>
    <ClCompile Include="pr(같은숫자는싫어).cpp">
      <Filter>소스 파일</Filter>
    </ClCompile>
    <ClCompile Include="pr(나누어떨어지는숫자배열).cpp">
      <Filter>소스 파일</Filter>
    </ClCompile>
    <ClCompile Include="pr(문자열내p와y의개수).cpp">
      <Filter>소스 파일</Filter>
    </ClCompile>
    <ClCompile Include="pr(약수의개수와덧셈).cpp">
      <Filter>소스 파일</Filter>
    </ClCompile>
    <ClCompile Include="pr(3진법뒤집기).cpp">
      <Filter>소스 파일</Filter>
    </ClCompile>
    <ClCompile Include="pr(예산).cpp">
      <Filter>소스 파일</Filter>
    </ClCompile>
    <ClCompile Include="pr(폰켓몬).cpp">
      <Filter>소스 파일</Filter>
    </ClCompile>
    <ClCompile Include="pr(실패율).cpp">
      <Filter>소스 파일</Filter>
    </ClCompile>
    <ClCompile Include="programmers_ct_19%28위장-iterator%29.cpp">
      <Filter>소스 파일</Filter>
    </ClCompile>
    <ClCompile Include="pr(크레인인형뽑기).cpp">
      <Filter>소스 파일</Filter>
    </ClCompile>
    <ClCompile Include="pr(신규아이디추천).cpp">
      <Filter>소스 파일</Filter>
    </ClCompile>
    <ClCompile Include="pr(숫자문자열과영단어).cpp">
      <Filter>소스 파일</Filter>
    </ClCompile>
    <ClCompile Include="pr(키패드 누르기).cpp">
      <Filter>소스 파일</Filter>
    </ClCompile>
    <ClCompile Include="pr(직업군추천하기).cpp">
      <Filter>소스 파일</Filter>
    </ClCompile>
    <ClCompile Include="pr(문자열내림차순으로배치하기).cpp">
      <Filter>소스 파일</Filter>
    </ClCompile>
    <ClCompile Include="pr(문자열내마음대로 정리하기).cpp">
      <Filter>소스 파일</Filter>
    </ClCompile>
    <ClCompile Include="pr(문자열 다루기 기본).cpp">
      <Filter>소스 파일</Filter>
    </ClCompile>
    <ClCompile Include="boj(바이러스).cpp">
      <Filter>소스 파일</Filter>
    </ClCompile>
    <ClCompile Include="boj(전투).cpp">
      <Filter>소스 파일</Filter>
    </ClCompile>
    <ClCompile Include="boj(토마토).cpp">
      <Filter>소스 파일</Filter>
    </ClCompile>
    <ClCompile Include="pr(주사위경우의수).cpp">
      <Filter>소스 파일</Filter>
    </ClCompile>
    <ClCompile Include="boj(줄세우기).cpp">
      <Filter>소스 파일</Filter>
    </ClCompile>
    <ClCompile Include="boj(미로탐색).cpp">
      <Filter>소스 파일</Filter>
    </ClCompile>
    <ClCompile Include="boj(동전1).cpp">
      <Filter>소스 파일</Filter>
    </ClCompile>
    <ClCompile Include="boj(동전2).cpp">
      <Filter>소스 파일</Filter>
    </ClCompile>
    <ClCompile Include="boj(물통).cpp">
      <Filter>소스 파일</Filter>
    </ClCompile>
    <ClCompile Include="boj%28어드벤처게임%29.cpp">
      <Filter>소스 파일</Filter>
    </ClCompile>
    <ClCompile Include="boj(촌수계산).cpp">
      <Filter>소스 파일</Filter>
    </ClCompile>
    <ClCompile Include="boj(숨바꼭질).cpp">
      <Filter>소스 파일</Filter>
    </ClCompile>
    <ClCompile Include="boj(로봇청소기).cpp">
      <Filter>소스 파일</Filter>
    </ClCompile>
    <ClCompile Include="PR_오픈채팅방.cpp">
      <Filter>소스 파일\복습</Filter>
    </ClCompile>
    <ClCompile Include="PR_타겟넘버.cpp">
      <Filter>소스 파일\복습</Filter>
    </ClCompile>
    <ClCompile Include="PR_단체사진찍기.cpp">
      <Filter>소스 파일\복습</Filter>
    </ClCompile>
    <ClCompile Include="PR_가장큰수.cpp">
      <Filter>소스 파일\복습</Filter>
    </ClCompile>
    <ClCompile Include="PR_가장큰정사각형찾기.cpp">
      <Filter>소스 파일\복습</Filter>
    </ClCompile>
    <ClCompile Include="PR_N으로표현.cpp">
      <Filter>소스 파일\복습</Filter>
    </ClCompile>
    <ClCompile Include="PR_등굣길.cpp">
      <Filter>소스 파일\복습</Filter>
    </ClCompile>
    <ClCompile Include="PR_정수삼각형.cpp">
      <Filter>소스 파일\복습</Filter>
    </ClCompile>
    <ClCompile Include="PR_도둑질.cpp">
      <Filter>소스 파일\복습</Filter>
    </ClCompile>
    <ClCompile Include="PR_가장먼노드.cpp">
      <Filter>소스 파일\복습</Filter>
    </ClCompile>
    <ClCompile Include="PR_순위.cpp">
      <Filter>소스 파일\복습</Filter>
    </ClCompile>
    <ClCompile Include="BOJ_줄세우기.cpp">
      <Filter>소스 파일\복습</Filter>
    </ClCompile>
    <ClCompile Include="PR_방의개수.cpp">
      <Filter>소스 파일\복습</Filter>
    </ClCompile>
    <ClCompile Include="PR_프린터.cpp">
      <Filter>소스 파일\복습</Filter>
    </ClCompile>
    <ClCompile Include="PR_문자열압축.cpp">
      <Filter>소스 파일\복습</Filter>
    </ClCompile>
    <ClCompile Include="PR_N개의최소공배수.cpp">
      <Filter>소스 파일\복습</Filter>
    </ClCompile>
    <ClCompile Include="PR_짝지어제거하기.cpp">
      <Filter>소스 파일\복습</Filter>
    </ClCompile>
    <ClCompile Include="PR_더맵게.cpp">
      <Filter>소스 파일\복습</Filter>
    </ClCompile>
    <ClCompile Include="PR_배달.cpp">
      <Filter>소스 파일\복습</Filter>
    </ClCompile>
    <ClCompile Include="PR_조이스틱.cpp">
      <Filter>소스 파일\복습</Filter>
    </ClCompile>
    <ClCompile Include="PR_위장.cpp">
      <Filter>소스 파일\복습</Filter>
    </ClCompile>
    <ClCompile Include="PR_다리를지나는트럭.cpp">
      <Filter>소스 파일\복습</Filter>
    </ClCompile>
    <ClCompile Include="PR_소수찾기.cpp">
      <Filter>소스 파일\복습</Filter>
    </ClCompile>
    <ClCompile Include="PR_카펫.cpp">
      <Filter>소스 파일\복습</Filter>
    </ClCompile>
    <ClCompile Include="PR_스킬배우기.cpp">
      <Filter>소스 파일\복습</Filter>
    </ClCompile>
    <ClCompile Include="PR_예상대진표.cpp">
      <Filter>소스 파일\복습</Filter>
    </ClCompile>
    <ClCompile Include="PR_게임맵최단거리.cpp">
      <Filter>소스 파일\복습</Filter>
    </ClCompile>
    <ClCompile Include="PR_땅따먹기.cpp">
      <Filter>소스 파일\복습</Filter>
    </ClCompile>
    <ClCompile Include="PR_전화번호목록.cpp">
      <Filter>소스 파일\복습</Filter>
    </ClCompile>
    <ClCompile Include="PR_피보나치수.cpp">
      <Filter>소스 파일\복습</Filter>
    </ClCompile>
    <ClCompile Include="PR_수식최대화.cpp">
      <Filter>소스 파일\복습</Filter>
    </ClCompile>
    <ClCompile Include="PR_다음큰숫자.cpp">
      <Filter>소스 파일\복습</Filter>
    </ClCompile>
    <ClCompile Include="PR_점프와순간이동.cpp">
      <Filter>소스 파일\복습</Filter>
    </ClCompile>
    <ClCompile Include="PR_영어끝말잇기.cpp">
      <Filter>소스 파일\복습</Filter>
    </ClCompile>
    <ClCompile Include="PR_최솟값만들기.cpp">
      <Filter>소스 파일\복습</Filter>
    </ClCompile>
    <ClCompile Include="PR_숫자의표현.cpp">
      <Filter>소스 파일\복습</Filter>
    </ClCompile>
    <ClCompile Include="PR_올바른괄호.cpp">
      <Filter>소스 파일\복습</Filter>
    </ClCompile>
    <ClCompile Include="PR_방문길이.cpp">
      <Filter>소스 파일\복습</Filter>
    </ClCompile>
    <ClCompile Include="PR_이진변환반복하기.cpp">
      <Filter>소스 파일\복습</Filter>
    </ClCompile>
    <ClCompile Include="PR_방금그곡.cpp">
      <Filter>소스 파일\복습</Filter>
    </ClCompile>
    <ClCompile Include="PR_최댓값과최솟값.cpp">
      <Filter>소스 파일\복습</Filter>
    </ClCompile>
    <ClCompile Include="PR_입실퇴실.cpp">
      <Filter>소스 파일\복습</Filter>
    </ClCompile>
    <ClCompile Include="PR_모음사전.cpp">
      <Filter>소스 파일\복습</Filter>
    </ClCompile>
    <ClCompile Include="PR_삼각달팽이.cpp">
      <Filter>소스 파일\복습</Filter>
    </ClCompile>
    <ClCompile Include="PR_JadenCase문자열만들기.cpp">
      <Filter>소스 파일\복습</Filter>
    </ClCompile>
    <ClCompile Include="PR_행렬의곱셈.cpp">
      <Filter>소스 파일\복습</Filter>
    </ClCompile>
    <ClCompile Include="PR_N진수게임.cpp">
      <Filter>소스 파일\복습</Filter>
    </ClCompile>
    <ClCompile Include="_연습장.cpp">
      <Filter>소스 파일\복습</Filter>
    </ClCompile>
    <ClCompile Include="PR_거리두기.cpp">
      <Filter>소스 파일\복습</Filter>
    </ClCompile>
    <ClCompile Include="PR_파일명정렬.cpp">
      <Filter>소스 파일\복습</Filter>
    </ClCompile>
    <ClCompile Include="PR_124나라의숫자.cpp">
      <Filter>소스 파일\복습</Filter>
    </ClCompile>
  </ItemGroup>
  <ItemGroup>
    <None Include="programmers_ct_12%28소수찾기lv2-다시보기%29.cpp">
      <Filter>소스 파일</Filter>
    </None>
  </ItemGroup>
</Project>